
Microsoft Visual Studio Solution File, Format Version 12.00
# Visual Studio 15
VisualStudioVersion = 15.0.27703.2035
MinimumVisualStudioVersion = 10.0.40219.1
Project("{FAE04EC0-301F-11D3-BF4B-00C04F79EFBC}") = "WebApplication10", "WebApplication10\WebApplication10.csproj", "{C9376659-87B2-4032-9824-32CD458D1E20}"
EndProject
Global
	GlobalSection(SolutionConfigurationPlatforms) = preSolution
		Debug|Any CPU = Debug|Any CPU
		Release|Any CPU = Release|Any CPU
	EndGlobalSection
	GlobalSection(ProjectConfigurationPlatforms) = postSolution
		{C9376659-87B2-4032-9824-32CD458D1E20}.Debug|Any CPU.ActiveCfg = Debug|Any CPU
		{C9376659-87B2-4032-9824-32CD458D1E20}.Debug|Any CPU.Build.0 = Debug|Any CPU
		{C9376659-87B2-4032-9824-32CD458D1E20}.Release|Any CPU.ActiveCfg = Release|Any CPU
		{C9376659-87B2-4032-9824-32CD458D1E20}.Release|Any CPU.Build.0 = Release|Any CPU
	EndGlobalSection
	GlobalSection(SolutionProperties) = preSolution
		HideSolutionNode = FALSE
	EndGlobalSection
	GlobalSection(ExtensibilityGlobals) = postSolution
		SolutionGuid = {E9D1E7FA-6E5B-4A07-A98B-1FD23AACC8AE}
	EndGlobalSection
EndGlobal
